
Microsoft Visual Studio Solution File, Format Version 12.00
# Visual Studio Version 17
VisualStudioVersion = 17.14.36518.9 d17.14
MinimumVisualStudioVersion = 10.0.40219.1
Project("{FAE04EC0-301F-11D3-BF4B-00C04F79EFBC}") = "CustomLogger\CustomLogger", "CustomLogger\CustomLogger.csproj", "{EA787016-283A-F753-5D7D-ECD5766657DC}"
EndProject
Global
	GlobalSection(SolutionConfigurationPlatforms) = preSolution
		Debug|Any CPU = Debug|Any CPU
		Release|Any CPU = Release|Any CPU
	EndGlobalSection
	GlobalSection(ProjectConfigurationPlatforms) = postSolution
		{EA787016-283A-F753-5D7D-ECD5766657DC}.Debug|Any CPU.ActiveCfg = Debug|Any CPU
		{EA787016-283A-F753-5D7D-ECD5766657DC}.Debug|Any CPU.Build.0 = Debug|Any CPU
		{EA787016-283A-F753-5D7D-ECD5766657DC}.Release|Any CPU.ActiveCfg = Release|Any CPU
		{EA787016-283A-F753-5D7D-ECD5766657DC}.Release|Any CPU.Build.0 = Release|Any CPU
	EndGlobalSection
	GlobalSection(SolutionProperties) = preSolution
		HideSolutionNode = FALSE
	EndGlobalSection
	GlobalSection(ExtensibilityGlobals) = postSolution
		SolutionGuid = {96A40577-33D6-45E1-A502-AFC8590D15B0}
	EndGlobalSection
EndGlobal
